// !$*UTF8*$!
{
	archiveVersion = 1;
	classes = {
	};
	objectVersion = 50;
	objects = {

/* Begin PBXBuildFile section */
		128E3DCB21B75BAD008F4A3E /* AppDelegate.swift in Sources */ = {isa = PBXBuildFile; fileRef = 128E3DCA21B75BAD008F4A3E /* AppDelegate.swift */; };
		128E3DCD21B75BAD008F4A3E /* ViewController.swift in Sources */ = {isa = PBXBuildFile; fileRef = 128E3DCC21B75BAD008F4A3E /* ViewController.swift */; };
		128E3DD021B75BAD008F4A3E /* Main.storyboard in Resources */ = {isa = PBXBuildFile; fileRef = 128E3DCE21B75BAD008F4A3E /* Main.storyboard */; };
		128E3DD221B75BB0008F4A3E /* Assets.xcassets in Resources */ = {isa = PBXBuildFile; fileRef = 128E3DD121B75BB0008F4A3E /* Assets.xcassets */; };
		128E3DD521B75BB0008F4A3E /* LaunchScreen.storyboard in Resources */ = {isa = PBXBuildFile; fileRef = 128E3DD321B75BB0008F4A3E /* LaunchScreen.storyboard */; };
		128E3DE021B75BB0008F4A3E /* Calculator2Tests.swift in Sources */ = {isa = PBXBuildFile; fileRef = 128E3DDF21B75BB0008F4A3E /* Calculator2Tests.swift */; };
		128E3DEB21B75BB0008F4A3E /* Calculator2UITests.swift in Sources */ = {isa = PBXBuildFile; fileRef = 128E3DEA21B75BB0008F4A3E /* Calculator2UITests.swift */; };
/* End PBXBuildFile section */

/* Begin PBXContainerItemProxy section */
		128E3DDC21B75BB0008F4A3E /* PBXContainerItemProxy */ = {
			isa = PBXContainerItemProxy;
			containerPortal = 128E3DBF21B75BAD008F4A3E /* Project object */;
			proxyType = 1;
			remoteGlobalIDString = 128E3DC621B75BAD008F4A3E;
			remoteInfo = Calculator2;
		};
		128E3DE721B75BB0008F4A3E /* PBXContainerItemProxy */ = {
			isa = PBXContainerItemProxy;
			containerPortal = 128E3DBF21B75BAD008F4A3E /* Project object */;
			proxyType = 1;
			remoteGlobalIDString = 128E3DC621B75BAD008F4A3E;
			remoteInfo = Calculator2;
		};
/* End PBXContainerItemProxy section */

/* Begin PBXFileReference section */
		128E3DC721B75BAD008F4A3E /* Calculator2.app */ = {isa = PBXFileReference; explicitFileType = wrapper.application; includeInIndex = 0; path = Calculator2.app; sourceTree = BUILT_PRODUCTS_DIR; };
		128E3DCA21B75BAD008F4A3E /* AppDelegate.swift */ = {isa = PBXFileReference; lastKnownFileType = sourcecode.swift; path = AppDelegate.swift; sourceTree = "<group>"; };
		128E3DCC21B75BAD008F4A3E /* ViewController.swift */ = {isa = PBXFileReference; lastKnownFileType = sourcecode.swift; path = ViewController.swift; sourceTree = "<group>"; };
		128E3DCF21B75BAD008F4A3E /* Base */ = {isa = PBXFileReference; lastKnownFileType = file.storyboard; name = Base; path = Base.lproj/Main.storyboard; sourceTree = "<group>"; };
		128E3DD121B75BB0008F4A3E /* Assets.xcassets */ = {isa = PBXFileReference; lastKnownFileType = folder.assetcatalog; path = Assets.xcassets; sourceTree = "<group>"; };
		128E3DD421B75BB0008F4A3E /* Base */ = {isa = PBXFileReference; lastKnownFileType = file.storyboard; name = Base; path = Base.lproj/LaunchScreen.storyboard; sourceTree = "<group>"; };
		128E3DD621B75BB0008F4A3E /* Info.plist */ = {isa = PBXFileReference; lastKnownFileType = text.plist.xml; path = Info.plist; sourceTree = "<group>"; };
		128E3DDB21B75BB0008F4A3E /* Calculator2Tests.xctest */ = {isa = PBXFileReference; explicitFileType = wrapper.cfbundle; includeInIndex = 0; path = Calculator2Tests.xctest; sourceTree = BUILT_PRODUCTS_DIR; };
		128E3DDF21B75BB0008F4A3E /* Calculator2Tests.swift */ = {isa = PBXFileReference; lastKnownFileType = sourcecode.swift; path = Calculator2Tests.swift; sourceTree = "<group>"; };
		128E3DE121B75BB0008F4A3E /* Info.plist */ = {isa = PBXFileReference; lastKnownFileType = text.plist.xml; path = Info.plist; sourceTree = "<group>"; };
		128E3DE621B75BB0008F4A3E /* Calculator2UITests.xctest */ = {isa = PBXFileReference; explicitFileType = wrapper.cfbundle; includeInIndex = 0; path = Calculator2UITests.xctest; sourceTree = BUILT_PRODUCTS_DIR; };
		128E3DEA21B75BB0008F4A3E /* Calculator2UITests.swift */ = {isa = PBXFileReference; lastKnownFileType = sourcecode.swift; path = Calculator2UITests.swift; sourceTree = "<group>"; };
		128E3DEC21B75BB0008F4A3E /* Info.plist */ = {isa = PBXFileReference; lastKnownFileType = text.plist.xml; path = Info.plist; sourceTree = "<group>"; };
/* End PBXFileReference section */

/* Begin PBXFrameworksBuildPhase section */
		128E3DC421B75BAD008F4A3E /* Frameworks */ = {
			isa = PBXFrameworksBuildPhase;
			buildActionMask = 2147483647;
			files = (
			);
			runOnlyForDeploymentPostprocessing = 0;
		};
		128E3DD821B75BB0008F4A3E /* Frameworks */ = {
			isa = PBXFrameworksBuildPhase;
			buildActionMask = 2147483647;
			files = (
			);
			runOnlyForDeploymentPostprocessing = 0;
		};
		128E3DE321B75BB0008F4A3E /* Frameworks */ = {
			isa = PBXFrameworksBuildPhase;
			buildActionMask = 2147483647;
			files = (
			);
			runOnlyForDeploymentPostprocessing = 0;
		};
/* End PBXFrameworksBuildPhase section */

/* Begin PBXGroup section */
		128E3DBE21B75BAC008F4A3E = {
			isa = PBXGroup;
			children = (
				128E3DC921B75BAD008F4A3E /* Calculator2 */,
				128E3DDE21B75BB0008F4A3E /* Calculator2Tests */,
				128E3DE921B75BB0008F4A3E /* Calculator2UITests */,
				128E3DC821B75BAD008F4A3E /* Products */,
			);
			sourceTree = "<group>";
		};
		128E3DC821B75BAD008F4A3E /* Products */ = {
			isa = PBXGroup;
			children = (
				128E3DC721B75BAD008F4A3E /* Calculator2.app */,
				128E3DDB21B75BB0008F4A3E /* Calculator2Tests.xctest */,
				128E3DE621B75BB0008F4A3E /* Calculator2UITests.xctest */,
			);
			name = Products;
			sourceTree = "<group>";
		};
		128E3DC921B75BAD008F4A3E /* Calculator2 */ = {
			isa = PBXGroup;
			children = (
				128E3DCA21B75BAD008F4A3E /* AppDelegate.swift */,
				128E3DCC21B75BAD008F4A3E /* ViewController.swift */,
				128E3DCE21B75BAD008F4A3E /* Main.storyboard */,
				128E3DD121B75BB0008F4A3E /* Assets.xcassets */,
				128E3DD321B75BB0008F4A3E /* LaunchScreen.storyboard */,
				128E3DD621B75BB0008F4A3E /* Info.plist */,
			);
			path = Calculator2;
			sourceTree = "<group>";
		};
		128E3DDE21B75BB0008F4A3E /* Calculator2Tests */ = {
			isa = PBXGroup;
			children = (
				128E3DDF21B75BB0008F4A3E /* Calculator2Tests.swift */,
				128E3DE121B75BB0008F4A3E /* Info.plist */,
			);
			path = Calculator2Tests;
			sourceTree = "<group>";
		};
		128E3DE921B75BB0008F4A3E /* Calculator2UITests */ = {
			isa = PBXGroup;
			children = (
				128E3DEA21B75BB0008F4A3E /* Calculator2UITests.swift */,
				128E3DEC21B75BB0008F4A3E /* Info.plist */,
			);
			path = Calculator2UITests;
			sourceTree = "<group>";
		};
/* End PBXGroup section */

/* Begin PBXNativeTarget section */
		128E3DC621B75BAD008F4A3E /* Calculator2 */ = {
			isa = PBXNativeTarget;
			buildConfigurationList = 128E3DEF21B75BB0008F4A3E /* Build configuration list for PBXNativeTarget "Calculator2" */;
			buildPhases = (
				128E3DC321B75BAD008F4A3E /* Sources */,
				128E3DC421B75BAD008F4A3E /* Frameworks */,
				128E3DC521B75BAD008F4A3E /* Resources */,
			);
			buildRules = (
			);
			dependencies = (
			);
			name = Calculator2;
			productName = Calculator2;
			productReference = 128E3DC721B75BAD008F4A3E /* Calculator2.app */;
			productType = "com.apple.product-type.application";
		};
		128E3DDA21B75BB0008F4A3E /* Calculator2Tests */ = {
			isa = PBXNativeTarget;
			buildConfigurationList = 128E3DF221B75BB0008F4A3E /* Build configuration list for PBXNativeTarget "Calculator2Tests" */;
			buildPhases = (
				128E3DD721B75BB0008F4A3E /* Sources */,
				128E3DD821B75BB0008F4A3E /* Frameworks */,
				128E3DD921B75BB0008F4A3E /* Resources */,
			);
			buildRules = (
			);
			dependencies = (
				128E3DDD21B75BB0008F4A3E /* PBXTargetDependency */,
			);
			name = Calculator2Tests;
			productName = Calculator2Tests;
			productReference = 128E3DDB21B75BB0008F4A3E /* Calculator2Tests.xctest */;
			productType = "com.apple.product-type.bundle.unit-test";
		};
		128E3DE521B75BB0008F4A3E /* Calculator2UITests */ = {
			isa = PBXNativeTarget;
			buildConfigurationList = 128E3DF521B75BB0008F4A3E /* Build configuration list for PBXNativeTarget "Calculator2UITests" */;
			buildPhases = (
				128E3DE221B75BB0008F4A3E /* Sources */,
				128E3DE321B75BB0008F4A3E /* Frameworks */,
				128E3DE421B75BB0008F4A3E /* Resources */,
			);
			buildRules = (
			);
			dependencies = (
				128E3DE821B75BB0008F4A3E /* PBXTargetDependency */,
			);
			name = Calculator2UITests;
			productName = Calculator2UITests;
			productReference = 128E3DE621B75BB0008F4A3E /* Calculator2UITests.xctest */;
			productType = "com.apple.product-type.bundle.ui-testing";
		};
/* End PBXNativeTarget section */

/* Begin PBXProject section */
		128E3DBF21B75BAD008F4A3E /* Project object */ = {
			isa = PBXProject;
			attributes = {
				LastSwiftUpdateCheck = 1010;
				LastUpgradeCheck = 1010;
				ORGANIZATIONNAME = s20171103186;
				TargetAttributes = {
					128E3DC621B75BAD008F4A3E = {
						CreatedOnToolsVersion = 10.1;
					};
					128E3DDA21B75BB0008F4A3E = {
						CreatedOnToolsVersion = 10.1;
						TestTargetID = 128E3DC621B75BAD008F4A3E;
					};
					128E3DE521B75BB0008F4A3E = {
						CreatedOnToolsVersion = 10.1;
						TestTargetID = 128E3DC621B75BAD008F4A3E;
					};
				};
			};
			buildConfigurationList = 128E3DC221B75BAD008F4A3E /* Build configuration list for PBXProject "Calculator2" */;
			compatibilityVersion = "Xcode 9.3";
			developmentRegion = en;
			hasScannedForEncodings = 0;
			knownRegions = (
				en,
				Base,
			);
			mainGroup = 128E3DBE21B75BAC008F4A3E;
			productRefGroup = 128E3DC821B75BAD008F4A3E /* Products */;
			projectDirPath = "";
			projectRoot = "";
			targets = (
				128E3DC621B75BAD008F4A3E /* Calculator2 */,
				128E3DDA21B75BB0008F4A3E /* Calculator2Tests */,
				128E3DE521B75BB0008F4A3E /* Calculator2UITests */,
			);
		};
/* End PBXProject section */

/* Begin PBXResourcesBuildPhase section */
		128E3DC521B75BAD008F4A3E /* Resources */ = {
			isa = PBXResourcesBuildPhase;
			buildActionMask = 2147483647;
			files = (
				128E3DD521B75BB0008F4A3E /* LaunchScreen.storyboard in Resources */,
				128E3DD221B75BB0008F4A3E /* Assets.xcassets in Resources */,
				128E3DD021B75BAD008F4A3E /* Main.storyboard in Resources */,
			);
			runOnlyForDeploymentPostprocessing = 0;
		};
		128E3DD921B75BB0008F4A3E /* Resources */ = {
			isa = PBXResourcesBuildPhase;
			buildActionMask = 2147483647;
			files = (
			);
			runOnlyForDeploymentPostprocessing = 0;
		};
		128E3DE421B75BB0008F4A3E /* Resources */ = {
			isa = PBXResourcesBuildPhase;
			buildActionMask = 2147483647;
			files = (
			);
			runOnlyForDeploymentPostprocessing = 0;
		};
/* End PBXResourcesBuildPhase section */

/* Begin PBXSourcesBuildPhase section */
		128E3DC321B75BAD008F4A3E /* Sources */ = {
			isa = PBXSourcesBuildPhase;
			buildActionMask = 2147483647;
			files = (
				128E3DCD21B75BAD008F4A3E /* ViewController.swift in Sources */,
				128E3DCB21B75BAD008F4A3E /* AppDelegate.swift in Sources */,
			);
			runOnlyForDeploymentPostprocessing = 0;
		};
		128E3DD721B75BB0008F4A3E /* Sources */ = {
			isa = PBXSourcesBuildPhase;
			buildActionMask = 2147483647;
			files = (
				128E3DE021B75BB0008F4A3E /* Calculator2Tests.swift in Sources */,
			);
			runOnlyForDeploymentPostprocessing = 0;
		};
		128E3DE221B75BB0008F4A3E /* Sources */ = {
			isa = PBXSourcesBuildPhase;
			buildActionMask = 2147483647;
			files = (
				128E3DEB21B75BB0008F4A3E /* Calculator2UITests.swift in Sources */,
			);
			runOnlyForDeploymentPostprocessing = 0;
		};
/* End PBXSourcesBuildPhase section */

/* Begin PBXTargetDependency section */
		128E3DDD21B75BB0008F4A3E /* PBXTargetDependency */ = {
			isa = PBXTargetDependency;
			target = 128E3DC621B75BAD008F4A3E /* Calculator2 */;
			targetProxy = 128E3DDC21B75BB0008F4A3E /* PBXContainerItemProxy */;
		};
		128E3DE821B75BB0008F4A3E /* PBXTargetDependency */ = {
			isa = PBXTargetDependency;
			target = 128E3DC621B75BAD008F4A3E /* Calculator2 */;
			targetProxy = 128E3DE721B75BB0008F4A3E /* PBXContainerItemProxy */;
		};
/* End PBXTargetDependency section */

/* Begin PBXVariantGroup section */
		128E3DCE21B75BAD008F4A3E /* Main.storyboard */ = {
			isa = PBXVariantGroup;
			children = (
				128E3DCF21B75BAD008F4A3E /* Base */,
			);
			name = Main.storyboard;
			sourceTree = "<group>";
		};
		128E3DD321B75BB0008F4A3E /* LaunchScreen.storyboard */ = {
			isa = PBXVariantGroup;
			children = (
				128E3DD421B75BB0008F4A3E /* Base */,
			);
			name = LaunchScreen.storyboard;
			sourceTree = "<group>";
		};
/* End PBXVariantGroup section */

/* Begin XCBuildConfiguration section */
		128E3DED21B75BB0008F4A3E /* Debug */ = {
			isa = XCBuildConfiguration;
			buildSettings = {
				ALWAYS_SEARCH_USER_PATHS = NO;
				CLANG_ANALYZER_NONNULL = YES;
				CLANG_ANALYZER_NUMBER_OBJECT_CONVERSION = YES_AGGRESSIVE;
				CLANG_CXX_LANGUAGE_STANDARD = "gnu++14";
				CLANG_CXX_LIBRARY = "libc++";
				CLANG_ENABLE_MODULES = YES;
				CLANG_ENABLE_OBJC_ARC = YES;
				CLANG_ENABLE_OBJC_WEAK = YES;
				CLANG_WARN_BLOCK_CAPTURE_AUTORELEASING = YES;
				CLANG_WARN_BOOL_CONVERSION = YES;
				CLANG_WARN_COMMA = YES;
				CLANG_WARN_CONSTANT_CONVERSION = YES;
				CLANG_WARN_DEPRECATED_OBJC_IMPLEMENTATIONS = YES;
				CLANG_WARN_DIRECT_OBJC_ISA_USAGE = YES_ERROR;
				CLANG_WARN_DOCUMENTATION_COMMENTS = YES;
				CLANG_WARN_EMPTY_BODY = YES;
				CLANG_WARN_ENUM_CONVERSION = YES;
				CLANG_WARN_INFINITE_RECURSION = YES;
				CLANG_WARN_INT_CONVERSION = YES;
				CLANG_WARN_NON_LITERAL_NULL_CONVERSION = YES;
				CLANG_WARN_OBJC_IMPLICIT_RETAIN_SELF = YES;
				CLANG_WARN_OBJC_LITERAL_CONVERSION = YES;
				CLANG_WARN_OBJC_ROOT_CLASS = YES_ERROR;
				CLANG_WARN_RANGE_LOOP_ANALYSIS = YES;
				CLANG_WARN_STRICT_PROTOTYPES = YES;
				CLANG_WARN_SUSPICIOUS_MOVE = YES;
				CLANG_WARN_UNGUARDED_AVAILABILITY = YES_AGGRESSIVE;
				CLANG_WARN_UNREACHABLE_CODE = YES;
				CLANG_WARN__DUPLICATE_METHOD_MATCH = YES;
				CODE_SIGN_IDENTITY = "iPhone Developer";
				COPY_PHASE_STRIP = NO;
				DEBUG_INFORMATION_FORMAT = dwarf;
				ENABLE_STRICT_OBJC_MSGSEND = YES;
				ENABLE_TESTABILITY = YES;
				GCC_C_LANGUAGE_STANDARD = gnu11;
				GCC_DYNAMIC_NO_PIC = NO;
				GCC_NO_COMMON_BLOCKS = YES;
				GCC_OPTIMIZATION_LEVEL = 0;
				GCC_PREPROCESSOR_DEFINITIONS = (
					"DEBUG=1",
					"$(inherited)",
				);
				GCC_WARN_64_TO_32_BIT_CONVERSION = YES;
				GCC_WARN_ABOUT_RETURN_TYPE = YES_ERROR;
				GCC_WARN_UNDECLARED_SELECTOR = YES;
				GCC_WARN_UNINITIALIZED_AUTOS = YES_AGGRESSIVE;
				GCC_WARN_UNUSED_FUNCTION = YES;
				GCC_WARN_UNUSED_VARIABLE = YES;
				IPHONEOS_DEPLOYMENT_TARGET = 12.1;
				MTL_ENABLE_DEBUG_INFO = INCLUDE_SOURCE;
				MTL_FAST_MATH = YES;
				ONLY_ACTIVE_ARCH = YES;
				SDKROOT = iphoneos;
				SWIFT_ACTIVE_COMPILATION_CONDITIONS = DEBUG;
				SWIFT_OPTIMIZATION_LEVEL = "-Onone";
			};
			name = Debug;
		};
		128E3DEE21B75BB0008F4A3E /* Release */ = {
			isa = XCBuildConfiguration;
			buildSettings = {
				ALWAYS_SEARCH_USER_PATHS = NO;
				CLANG_ANALYZER_NONNULL = YES;
				CLANG_ANALYZER_NUMBER_OBJECT_CONVERSION = YES_AGGRESSIVE;
				CLANG_CXX_LANGUAGE_STANDARD = "gnu++14";
				CLANG_CXX_LIBRARY = "libc++";
				CLANG_ENABLE_MODULES = YES;
				CLANG_ENABLE_OBJC_ARC = YES;
				CLANG_ENABLE_OBJC_WEAK = YES;
				CLANG_WARN_BLOCK_CAPTURE_AUTORELEASING = YES;
				CLANG_WARN_BOOL_CONVERSION = YES;
				CLANG_WARN_COMMA = YES;
				CLANG_WARN_CONSTANT_CONVERSION = YES;
				CLANG_WARN_DEPRECATED_OBJC_IMPLEMENTATIONS = YES;
				CLANG_WARN_DIRECT_OBJC_ISA_USAGE = YES_ERROR;
				CLANG_WARN_DOCUMENTATION_COMMENTS = YES;
				CLANG_WARN_EMPTY_BODY = YES;
				CLANG_WARN_ENUM_CONVERSION = YES;
				CLANG_WARN_INFINITE_RECURSION = YES;
				CLANG_WARN_INT_CONVERSION = YES;
				CLANG_WARN_NON_LITERAL_NULL_CONVERSION = YES;
				CLANG_WARN_OBJC_IMPLICIT_RETAIN_SELF = YES;
				CLANG_WARN_OBJC_LITERAL_CONVERSION = YES;
				CLANG_WARN_OBJC_ROOT_CLASS = YES_ERROR;
				CLANG_WARN_RANGE_LOOP_ANALYSIS = YES;
				CLANG_WARN_STRICT_PROTOTYPES = YES;
				CLANG_WARN_SUSPICIOUS_MOVE = YES;
				CLANG_WARN_UNGUARDED_AVAILABILITY = YES_AGGRESSIVE;
				CLANG_WARN_UNREACHABLE_CODE = YES;
				CLANG_WARN__DUPLICATE_METHOD_MATCH = YES;
				CODE_SIGN_IDENTITY = "iPhone Developer";
				COPY_PHASE_STRIP = NO;
				DEBUG_INFORMATION_FORMAT = "dwarf-with-dsym";
				ENABLE_NS_ASSERTIONS = NO;
				ENABLE_STRICT_OBJC_MSGSEND = YES;
				GCC_C_LANGUAGE_STANDARD = gnu11;
				GCC_NO_COMMON_BLOCKS = YES;
				GCC_WARN_64_TO_32_BIT_CONVERSION = YES;
				GCC_WARN_ABOUT_RETURN_TYPE = YES_ERROR;
				GCC_WARN_UNDECLARED_SELECTOR = YES;
				GCC_WARN_UNINITIALIZED_AUTOS = YES_AGGRESSIVE;
				GCC_WARN_UNUSED_FUNCTION = YES;
				GCC_WARN_UNUSED_VARIABLE = YES;
				IPHONEOS_DEPLOYMENT_TARGET = 12.1;
				MTL_ENABLE_DEBUG_INFO = NO;
				MTL_FAST_MATH = YES;
				SDKROOT = iphoneos;
				SWIFT_COMPILATION_MODE = wholemodule;
				SWIFT_OPTIMIZATION_LEVEL = "-O";
				VALIDATE_PRODUCT = YES;
			};
			name = Release;
		};
		128E3DF021B75BB0008F4A3E /* Debug */ = {
			isa = XCBuildConfiguration;
			buildSettings = {
				ASSETCATALOG_COMPILER_APPICON_NAME = AppIcon;
				CODE_SIGN_STYLE = Automatic;
				DEVELOPMENT_TEAM = 56WNNXLL69;
				INFOPLIST_FILE = Calculator2/Info.plist;
				LD_RUNPATH_SEARCH_PATHS = (
					"$(inherited)",
					"@executable_path/Frameworks",
				);
				PRODUCT_BUNDLE_IDENTIFIER = gogogo.Calculator2;
				PRODUCT_NAME = "$(TARGET_NAME)";
				SWIFT_VERSION = 4.2;
				TARGETED_DEVICE_FAMILY = "1,2";
			};
			name = Debug;
		};
		128E3DF121B75BB0008F4A3E /* Release */ = {
			isa = XCBuildConfiguration;
			buildSettings = {
				ASSETCATALOG_COMPILER_APPICON_NAME = AppIcon;
				CODE_SIGN_STYLE = Automatic;
				DEVELOPMENT_TEAM = 56WNNXLL69;
				INFOPLIST_FILE = Calculator2/Info.plist;
				LD_RUNPATH_SEARCH_PATHS = (
					"$(inherited)",
					"@executable_path/Frameworks",
				);
				PRODUCT_BUNDLE_IDENTIFIER = gogogo.Calculator2;
				PRODUCT_NAME = "$(TARGET_NAME)";
				SWIFT_VERSION = 4.2;
				TARGETED_DEVICE_FAMILY = "1,2";
			};
			name = Release;
		};
		128E3DF321B75BB0008F4A3E /* Debug */ = {
			isa = XCBuildConfiguration;
			buildSettings = {
				ALWAYS_EMBED_SWIFT_STANDARD_LIBRARIES = YES;
				BUNDLE_LOADER = "$(TEST_HOST)";
				CODE_SIGN_STYLE = Automatic;
				DEVELOPMENT_TEAM = 56WNNXLL69;
				INFOPLIST_FILE = Calculator2Tests/Info.plist;
				LD_RUNPATH_SEARCH_PATHS = (
					"$(inherited)",
					"@executable_path/Frameworks",
					"@loader_path/Frameworks",
				);
				PRODUCT_BUNDLE_IDENTIFIER = gogogo.Calculator2Tests;
				PRODUCT_NAME = "$(TARGET_NAME)";
				SWIFT_VERSION = 4.2;
				TARGETED_DEVICE_FAMILY = "1,2";
				TEST_HOST = "$(BUILT_PRODUCTS_DIR)/Calculator2.app/Calculator2";
			};
			name = Debug;
		};
		128E3DF421B75BB0008F4A3E /* Release */ = {
			isa = XCBuildConfiguration;
			buildSettings = {
				ALWAYS_EMBED_SWIFT_STANDARD_LIBRARIES = YES;
				BUNDLE_LOADER = "$(TEST_HOST)";
				CODE_SIGN_STYLE = Automatic;
				DEVELOPMENT_TEAM = 56WNNXLL69;
				INFOPLIST_FILE = Calculator2Tests/Info.plist;
				LD_RUNPATH_SEARCH_PATHS = (
					"$(inherited)",
					"@executable_path/Frameworks",
					"@loader_path/Frameworks",
				);
				PRODUCT_BUNDLE_IDENTIFIER = gogogo.Calculator2Tests;
				PRODUCT_NAME = "$(TARGET_NAME)";
				SWIFT_VERSION = 4.2;
				TARGETED_DEVICE_FAMILY = "1,2";
				TEST_HOST = "$(BUILT_PRODUCTS_DIR)/Calculator2.app/Calculator2";
			};
			name = Release;
		};
		128E3DF621B75BB0008F4A3E /* Debug */ = {
			isa = XCBuildConfiguration;
			buildSettings = {
				ALWAYS_EMBED_SWIFT_STANDARD_LIBRARIES = YES;
				CODE_SIGN_STYLE = Automatic;
				DEVELOPMENT_TEAM = 56WNNXLL69;
				INFOPLIST_FILE = Calculator2UITests/Info.plist;
				LD_RUNPATH_SEARCH_PATHS = (
					"$(inherited)",
					"@executable_path/Frameworks",
					"@loader_path/Frameworks",
				);
				PRODUCT_BUNDLE_IDENTIFIER = gogogo.Calculator2UITests;
				PRODUCT_NAME = "$(TARGET_NAME)";
				SWIFT_VERSION = 4.2;
				TARGETED_DEVICE_FAMILY = "1,2";
				TEST_TARGET_NAME = Calculator2;
			};
			name = Debug;
		};
		128E3DF721B75BB0008F4A3E /* Release */ = {
			isa = XCBuildConfiguration;
			buildSettings = {
				ALWAYS_EMBED_SWIFT_STANDARD_LIBRARIES = YES;
				CODE_SIGN_STYLE = Automatic;
				DEVELOPMENT_TEAM = 56WNNXLL69;
				INFOPLIST_FILE = Calculator2UITests/Info.plist;
				LD_RUNPATH_SEARCH_PATHS = (
					"$(inherited)",
					"@executable_path/Frameworks",
					"@loader_path/Frameworks",
				);
				PRODUCT_BUNDLE_IDENTIFIER = gogogo.Calculator2UITests;
				PRODUCT_NAME = "$(TARGET_NAME)";
				SWIFT_VERSION = 4.2;
				TARGETED_DEVICE_FAMILY = "1,2";
				TEST_TARGET_NAME = Calculator2;
			};
			name = Release;
		};
/* End XCBuildConfiguration section */

/* Begin XCConfigurationList section */
		128E3DC221B75BAD008F4A3E /* Build configuration list for PBXProject "Calculator2" */ = {
			isa = XCConfigurationList;
			buildConfigurations = (
				128E3DED21B75BB0008F4A3E /* Debug */,
				128E3DEE21B75BB0008F4A3E /* Release */,
			);
			defaultConfigurationIsVisible = 0;
			defaultConfigurationName = Release;
		};
		128E3DEF21B75BB0008F4A3E /* Build configuration list for PBXNativeTarget "Calculator2" */ = {
			isa = XCConfigurationList;
			buildConfigurations = (
				128E3DF021B75BB0008F4A3E /* Debug */,
				128E3DF121B75BB0008F4A3E /* Release */,
			);
			defaultConfigurationIsVisible = 0;
			defaultConfigurationName = Release;
		};
		128E3DF221B75BB0008F4A3E /* Build configuration list for PBXNativeTarget "Calculator2Tests" */ = {
			isa = XCConfigurationList;
			buildConfigurations = (
				128E3DF321B75BB0008F4A3E /* Debug */,
				128E3DF421B75BB0008F4A3E /* Release */,
			);
			defaultConfigurationIsVisible = 0;
			defaultConfigurationName = Release;
		};
		128E3DF521B75BB0008F4A3E /* Build configuration list for PBXNativeTarget "Calculator2UITests" */ = {
			isa = XCConfigurationList;
			buildConfigurations = (
				128E3DF621B75BB0008F4A3E /* Debug */,
				128E3DF721B75BB0008F4A3E /* Release */,
			);
			defaultConfigurationIsVisible = 0;
			defaultConfigurationName = Release;
		};
/* End XCConfigurationList section */
	};
	rootObject = 128E3DBF21B75BAD008F4A3E /* Project object */;
}
